// !$*UTF8*$!
{
	archiveVersion = 1;
	classes = {
	};
	objectVersion = 50;
	objects = {

/* Begin PBXBuildFile section */
		9A8D84E92560E8E200F33820 /* AppDelegate.m in Sources */ = {isa = PBXBuildFile; fileRef = 9A8D84E82560E8E200F33820 /* AppDelegate.m */; };
		9A8D84EB2560E8E300F33820 /* Assets.xcassets in Resources */ = {isa = PBXBuildFile; fileRef = 9A8D84EA2560E8E300F33820 /* Assets.xcassets */; };
		9A8D84EE2560E8E300F33820 /* MainMenu.xib in Resources */ = {isa = PBXBuildFile; fileRef = 9A8D84EC2560E8E300F33820 /* MainMenu.xib */; };
		9A8D84F12560E8E300F33820 /* main.m in Sources */ = {isa = PBXBuildFile; fileRef = 9A8D84F02560E8E300F33820 /* main.m */; };
		9A8D84FA2560EEB700F33820 /* Strings.m in Sources */ = {isa = PBXBuildFile; fileRef = 9A8D84F92560EEB700F33820 /* Strings.m */; };
/* End PBXBuildFile section */

/* Begin PBXFileReference section */
		9A8D84E42560E8E200F33820 /* appJuegoNiñosGUI.app */ = {isa = PBXFileReference; explicitFileType = wrapper.application; includeInIndex = 0; path = "appJuegoNiñosGUI.app"; sourceTree = BUILT_PRODUCTS_DIR; };
		9A8D84E72560E8E200F33820 /* AppDelegate.h */ = {isa = PBXFileReference; lastKnownFileType = sourcecode.c.h; path = AppDelegate.h; sourceTree = "<group>"; };
		9A8D84E82560E8E200F33820 /* AppDelegate.m */ = {isa = PBXFileReference; lastKnownFileType = sourcecode.c.objc; path = AppDelegate.m; sourceTree = "<group>"; };
		9A8D84EA2560E8E300F33820 /* Assets.xcassets */ = {isa = PBXFileReference; lastKnownFileType = folder.assetcatalog; path = Assets.xcassets; sourceTree = "<group>"; };
		9A8D84ED2560E8E300F33820 /* Base */ = {isa = PBXFileReference; lastKnownFileType = file.xib; name = Base; path = Base.lproj/MainMenu.xib; sourceTree = "<group>"; };
		9A8D84EF2560E8E300F33820 /* Info.plist */ = {isa = PBXFileReference; lastKnownFileType = text.plist.xml; path = Info.plist; sourceTree = "<group>"; };
		9A8D84F02560E8E300F33820 /* main.m */ = {isa = PBXFileReference; lastKnownFileType = sourcecode.c.objc; path = main.m; sourceTree = "<group>"; };
		9A8D84F22560E8E300F33820 /* appJuegoNin_osGUI.entitlements */ = {isa = PBXFileReference; lastKnownFileType = text.plist.entitlements; path = appJuegoNin_osGUI.entitlements; sourceTree = "<group>"; };
		9A8D84F82560EEB700F33820 /* Strings.h */ = {isa = PBXFileReference; lastKnownFileType = sourcecode.c.h; path = Strings.h; sourceTree = "<group>"; };
		9A8D84F92560EEB700F33820 /* Strings.m */ = {isa = PBXFileReference; lastKnownFileType = sourcecode.c.objc; path = Strings.m; sourceTree = "<group>"; xcLanguageSpecificationIdentifier = xcode.lang.objc; };
/* End PBXFileReference section */

/* Begin PBXFrameworksBuildPhase section */
		9A8D84E12560E8E200F33820 /* Frameworks */ = {
			isa = PBXFrameworksBuildPhase;
			buildActionMask = 2147483647;
			files = (
			);
			runOnlyForDeploymentPostprocessing = 0;
		};
/* End PBXFrameworksBuildPhase section */

/* Begin PBXGroup section */
		9A8D84DB2560E8E200F33820 = {
			isa = PBXGroup;
			children = (
				9A8D84E62560E8E200F33820 /* appJuegoNiñosGUI */,
				9A8D84E52560E8E200F33820 /* Products */,
			);
			sourceTree = "<group>";
		};
		9A8D84E52560E8E200F33820 /* Products */ = {
			isa = PBXGroup;
			children = (
				9A8D84E42560E8E200F33820 /* appJuegoNiñosGUI.app */,
			);
			name = Products;
			sourceTree = "<group>";
		};
		9A8D84E62560E8E200F33820 /* appJuegoNiñosGUI */ = {
			isa = PBXGroup;
			children = (
				9A8D84E72560E8E200F33820 /* AppDelegate.h */,
				9A8D84E82560E8E200F33820 /* AppDelegate.m */,
				9A8D84EA2560E8E300F33820 /* Assets.xcassets */,
				9A8D84EC2560E8E300F33820 /* MainMenu.xib */,
				9A8D84EF2560E8E300F33820 /* Info.plist */,
				9A8D84F02560E8E300F33820 /* main.m */,
				9A8D84F22560E8E300F33820 /* appJuegoNin_osGUI.entitlements */,
				9A8D84F82560EEB700F33820 /* Strings.h */,
				9A8D84F92560EEB700F33820 /* Strings.m */,
			);
			path = "appJuegoNiñosGUI";
			sourceTree = "<group>";
		};
/* End PBXGroup section */

/* Begin PBXNativeTarget section */
		9A8D84E32560E8E200F33820 /* appJuegoNiñosGUI */ = {
			isa = PBXNativeTarget;
			buildConfigurationList = 9A8D84F52560E8E300F33820 /* Build configuration list for PBXNativeTarget "appJuegoNiñosGUI" */;
			buildPhases = (
				9A8D84E02560E8E200F33820 /* Sources */,
				9A8D84E12560E8E200F33820 /* Frameworks */,
				9A8D84E22560E8E200F33820 /* Resources */,
			);
			buildRules = (
			);
			dependencies = (
			);
			name = "appJuegoNiñosGUI";
			productName = "appJuegoNiñosGUI";
			productReference = 9A8D84E42560E8E200F33820 /* appJuegoNiñosGUI.app */;
			productType = "com.apple.product-type.application";
		};
/* End PBXNativeTarget section */

/* Begin PBXProject section */
		9A8D84DC2560E8E200F33820 /* Project object */ = {
			isa = PBXProject;
			attributes = {
				LastUpgradeCheck = 1170;
				ORGANIZATIONNAME = "Alberto Flores";
				TargetAttributes = {
					9A8D84E32560E8E200F33820 = {
						CreatedOnToolsVersion = 11.7;
					};
				};
			};
			buildConfigurationList = 9A8D84DF2560E8E200F33820 /* Build configuration list for PBXProject "appJuegoNiñosGUI" */;
			compatibilityVersion = "Xcode 9.3";
			developmentRegion = en;
			hasScannedForEncodings = 0;
			knownRegions = (
				en,
				Base,
			);
			mainGroup = 9A8D84DB2560E8E200F33820;
			productRefGroup = 9A8D84E52560E8E200F33820 /* Products */;
			projectDirPath = "";
			projectRoot = "";
			targets = (
				9A8D84E32560E8E200F33820 /* appJuegoNiñosGUI */,
			);
		};
/* End PBXProject section */

/* Begin PBXResourcesBuildPhase section */
		9A8D84E22560E8E200F33820 /* Resources */ = {
			isa = PBXResourcesBuildPhase;
			buildActionMask = 2147483647;
			files = (
				9A8D84EB2560E8E300F33820 /* Assets.xcassets in Resources */,
				9A8D84EE2560E8E300F33820 /* MainMenu.xib in Resources */,
			);
			runOnlyForDeploymentPostprocessing = 0;
		};
/* End PBXResourcesBuildPhase section */

/* Begin PBXSourcesBuildPhase section */
		9A8D84E02560E8E200F33820 /* Sources */ = {
			isa = PBXSourcesBuildPhase;
			buildActionMask = 2147483647;
			files = (
				9A8D84F12560E8E300F33820 /* main.m in Sources */,
				9A8D84E92560E8E200F33820 /* AppDelegate.m in Sources */,
				9A8D84FA2560EEB700F33820 /* Strings.m in Sources */,
			);
			runOnlyForDeploymentPostprocessing = 0;
		};
/* End PBXSourcesBuildPhase section */

/* Begin PBXVariantGroup section */
		9A8D84EC2560E8E300F33820 /* MainMenu.xib */ = {
			isa = PBXVariantGroup;
			children = (
				9A8D84ED2560E8E300F33820 /* Base */,
			);
			name = MainMenu.xib;
			sourceTree = "<group>";
		};
/* End PBXVariantGroup section */

/* Begin XCBuildConfiguration section */
		9A8D84F32560E8E300F33820 /* Debug */ = {
			isa = XCBuildConfiguration;
			buildSettings = {
				ALWAYS_SEARCH_USER_PATHS = NO;
				CLANG_ANALYZER_NONNULL = YES;
				CLANG_ANALYZER_NUMBER_OBJECT_CONVERSION = YES_AGGRESSIVE;
				CLANG_CXX_LANGUAGE_STANDARD = "gnu++14";
				CLANG_CXX_LIBRARY = "libc++";
				CLANG_ENABLE_MODULES = YES;
				CLANG_ENABLE_OBJC_ARC = YES;
				CLANG_ENABLE_OBJC_WEAK = YES;
				CLANG_WARN_BLOCK_CAPTURE_AUTORELEASING = YES;
				CLANG_WARN_BOOL_CONVERSION = YES;
				CLANG_WARN_COMMA = YES;
				CLANG_WARN_CONSTANT_CONVERSION = YES;
				CLANG_WARN_DEPRECATED_OBJC_IMPLEMENTATIONS = YES;
				CLANG_WARN_DIRECT_OBJC_ISA_USAGE = YES_ERROR;
				CLANG_WARN_DOCUMENTATION_COMMENTS = YES;
				CLANG_WARN_EMPTY_BODY = YES;
				CLANG_WARN_ENUM_CONVERSION = YES;
				CLANG_WARN_INFINITE_RECURSION = YES;
				CLANG_WARN_INT_CONVERSION = YES;
				CLANG_WARN_NON_LITERAL_NULL_CONVERSION = YES;
				CLANG_WARN_OBJC_IMPLICIT_RETAIN_SELF = YES;
				CLANG_WARN_OBJC_LITERAL_CONVERSION = YES;
				CLANG_WARN_OBJC_ROOT_CLASS = YES_ERROR;
				CLANG_WARN_RANGE_LOOP_ANALYSIS = YES;
				CLANG_WARN_STRICT_PROTOTYPES = YES;
				CLANG_WARN_SUSPICIOUS_MOVE = YES;
				CLANG_WARN_UNGUARDED_AVAILABILITY = YES_AGGRESSIVE;
				CLANG_WARN_UNREACHABLE_CODE = YES;
				CLANG_WARN__DUPLICATE_METHOD_MATCH = YES;
				COPY_PHASE_STRIP = NO;
				DEBUG_INFORMATION_FORMAT = dwarf;
				ENABLE_STRICT_OBJC_MSGSEND = YES;
				ENABLE_TESTABILITY = YES;
				GCC_C_LANGUAGE_STANDARD = gnu11;
				GCC_DYNAMIC_NO_PIC = NO;
				GCC_NO_COMMON_BLOCKS = YES;
				GCC_OPTIMIZATION_LEVEL = 0;
				GCC_PREPROCESSOR_DEFINITIONS = (
					"DEBUG=1",
					"$(inherited)",
				);
				GCC_WARN_64_TO_32_BIT_CONVERSION = YES;
				GCC_WARN_ABOUT_RETURN_TYPE = YES_ERROR;
				GCC_WARN_UNDECLARED_SELECTOR = YES;
				GCC_WARN_UNINITIALIZED_AUTOS = YES_AGGRESSIVE;
				GCC_WARN_UNUSED_FUNCTION = YES;
				GCC_WARN_UNUSED_VARIABLE = YES;
				MACOSX_DEPLOYMENT_TARGET = 10.15;
				MTL_ENABLE_DEBUG_INFO = INCLUDE_SOURCE;
				MTL_FAST_MATH = YES;
				ONLY_ACTIVE_ARCH = YES;
				SDKROOT = macosx;
			};
			name = Debug;
		};
		9A8D84F42560E8E300F33820 /* Release */ = {
			isa = XCBuildConfiguration;
			buildSettings = {
				ALWAYS_SEARCH_USER_PATHS = NO;
				CLANG_ANALYZER_NONNULL = YES;
				CLANG_ANALYZER_NUMBER_OBJECT_CONVERSION = YES_AGGRESSIVE;
				CLANG_CXX_LANGUAGE_STANDARD = "gnu++14";
				CLANG_CXX_LIBRARY = "libc++";
				CLANG_ENABLE_MODULES = YES;
				CLANG_ENABLE_OBJC_ARC = YES;
				CLANG_ENABLE_OBJC_WEAK = YES;
				CLANG_WARN_BLOCK_CAPTURE_AUTORELEASING = YES;
				CLANG_WARN_BOOL_CONVERSION = YES;
				CLANG_WARN_COMMA = YES;
				CLANG_WARN_CONSTANT_CONVERSION = YES;
				CLANG_WARN_DEPRECATED_OBJC_IMPLEMENTATIONS = YES;
				CLANG_WARN_DIRECT_OBJC_ISA_USAGE = YES_ERROR;
				CLANG_WARN_DOCUMENTATION_COMMENTS = YES;
				CLANG_WARN_EMPTY_BODY = YES;
				CLANG_WARN_ENUM_CONVERSION = YES;
				CLANG_WARN_INFINITE_RECURSION = YES;
				CLANG_WARN_INT_CONVERSION = YES;
				CLANG_WARN_NON_LITERAL_NULL_CONVERSION = YES;
				CLANG_WARN_OBJC_IMPLICIT_RETAIN_SELF = YES;
				CLANG_WARN_OBJC_LITERAL_CONVERSION = YES;
				CLANG_WARN_OBJC_ROOT_CLASS = YES_ERROR;
				CLANG_WARN_RANGE_LOOP_ANALYSIS = YES;
				CLANG_WARN_STRICT_PROTOTYPES = YES;
				CLANG_WARN_SUSPICIOUS_MOVE = YES;
				CLANG_WARN_UNGUARDED_AVAILABILITY = YES_AGGRESSIVE;
				CLANG_WARN_UNREACHABLE_CODE = YES;
				CLANG_WARN__DUPLICATE_METHOD_MATCH = YES;
				COPY_PHASE_STRIP = NO;
				DEBUG_INFORMATION_FORMAT = "dwarf-with-dsym";
				ENABLE_NS_ASSERTIONS = NO;
				ENABLE_STRICT_OBJC_MSGSEND = YES;
				GCC_C_LANGUAGE_STANDARD = gnu11;
				GCC_NO_COMMON_BLOCKS = YES;
				GCC_WARN_64_TO_32_BIT_CONVERSION = YES;
				GCC_WARN_ABOUT_RETURN_TYPE = YES_ERROR;
				GCC_WARN_UNDECLARED_SELECTOR = YES;
				GCC_WARN_UNINITIALIZED_AUTOS = YES_AGGRESSIVE;
				GCC_WARN_UNUSED_FUNCTION = YES;
				GCC_WARN_UNUSED_VARIABLE = YES;
				MACOSX_DEPLOYMENT_TARGET = 10.15;
				MTL_ENABLE_DEBUG_INFO = NO;
				MTL_FAST_MATH = YES;
				SDKROOT = macosx;
			};
			name = Release;
		};
		9A8D84F62560E8E300F33820 /* Debug */ = {
			isa = XCBuildConfiguration;
			buildSettings = {
				ASSETCATALOG_COMPILER_APPICON_NAME = AppIcon;
				CODE_SIGN_ENTITLEMENTS = "appJuegoNiñosGUI/appJuegoNin_osGUI.entitlements";
				CODE_SIGN_STYLE = Automatic;
				COMBINE_HIDPI_IMAGES = YES;
				DEVELOPMENT_TEAM = D8ZKFQYZMR;
				ENABLE_HARDENED_RUNTIME = YES;
				INFOPLIST_FILE = "appJuegoNiñosGUI/Info.plist";
				LD_RUNPATH_SEARCH_PATHS = (
					"$(inherited)",
					"@executable_path/../Frameworks",
				);
				PRODUCT_BUNDLE_IDENTIFIER = "Host.appJuegoNin-osGUI";
				PRODUCT_NAME = "$(TARGET_NAME)";
			};
			name = Debug;
		};
		9A8D84F72560E8E300F33820 /* Release */ = {
			isa = XCBuildConfiguration;
			buildSettings = {
				ASSETCATALOG_COMPILER_APPICON_NAME = AppIcon;
				CODE_SIGN_ENTITLEMENTS = "appJuegoNiñosGUI/appJuegoNin_osGUI.entitlements";
				CODE_SIGN_STYLE = Automatic;
				COMBINE_HIDPI_IMAGES = YES;
				DEVELOPMENT_TEAM = D8ZKFQYZMR;
				ENABLE_HARDENED_RUNTIME = YES;
				INFOPLIST_FILE = "appJuegoNiñosGUI/Info.plist";
				LD_RUNPATH_SEARCH_PATHS = (
					"$(inherited)",
					"@executable_path/../Frameworks",
				);
				PRODUCT_BUNDLE_IDENTIFIER = "Host.appJuegoNin-osGUI";
				PRODUCT_NAME = "$(TARGET_NAME)";
			};
			name = Release;
		};
/* End XCBuildConfiguration section */

/* Begin XCConfigurationList section */
		9A8D84DF2560E8E200F33820 /* Build configuration list for PBXProject "appJuegoNiñosGUI" */ = {
			isa = XCConfigurationList;
			buildConfigurations = (
				9A8D84F32560E8E300F33820 /* Debug */,
				9A8D84F42560E8E300F33820 /* Release */,
			);
			defaultConfigurationIsVisible = 0;
			defaultConfigurationName = Release;
		};
		9A8D84F52560E8E300F33820 /* Build configuration list for PBXNativeTarget "appJuegoNiñosGUI" */ = {
			isa = XCConfigurationList;
			buildConfigurations = (
				9A8D84F62560E8E300F33820 /* Debug */,
				9A8D84F72560E8E300F33820 /* Release */,
			);
			defaultConfigurationIsVisible = 0;
			defaultConfigurationName = Release;
		};
/* End XCConfigurationList section */
	};
	rootObject = 9A8D84DC2560E8E200F33820 /* Project object */;
}
